
Microsoft Visual Studio Solution File, Format Version 12.00
# Visual Studio 15
VisualStudioVersion = 15.0.27703.1
MinimumVisualStudioVersion = 10.0.40219.1
Project("{FAE04EC0-301F-11D3-BF4B-00C04F79EFBC}") = "ClientApp.Android", "ClientApp\ClientApp.Android\ClientApp.Android.csproj", "{E5B065B2-476D-486D-A16C-D854CF444003}"
EndProject
Project("{FAE04EC0-301F-11D3-BF4B-00C04F79EFBC}") = "ClientApp.iOS", "ClientApp\ClientApp.iOS\ClientApp.iOS.csproj", "{FCA5726A-98B0-412C-92D7-336267E7D549}"
EndProject
Project("{FAE04EC0-301F-11D3-BF4B-00C04F79EFBC}") = "ClientApp", "ClientApp\ClientApp\ClientApp.csproj", "{0D8E7396-6ADC-43BD-BCE1-A181F3575249}"
EndProject
Global
	GlobalSection(SolutionConfigurationPlatforms) = preSolution
		Ad-Hoc|Any CPU = Ad-Hoc|Any CPU
		Ad-Hoc|iPhone = Ad-Hoc|iPhone
		Ad-Hoc|iPhoneSimulator = Ad-Hoc|iPhoneSimulator
		AppStore|Any CPU = AppStore|Any CPU
		AppStore|iPhone = AppStore|iPhone
		AppStore|iPhoneSimulator = AppStore|iPhoneSimulator
		Debug|Any CPU = Debug|Any CPU
		Debug|iPhone = Debug|iPhone
		Debug|iPhoneSimulator = Debug|iPhoneSimulator
		Release|Any CPU = Release|Any CPU
		Release|iPhone = Release|iPhone
		Release|iPhoneSimulator = Release|iPhoneSimulator
	EndGlobalSection
	GlobalSection(ProjectConfigurationPlatforms) = postSolution
		{E5B065B2-476D-486D-A16C-D854CF444003}.Ad-Hoc|Any CPU.ActiveCfg = Release|Any CPU
		{E5B065B2-476D-486D-A16C-D854CF444003}.Ad-Hoc|Any CPU.Build.0 = Release|Any CPU
		{E5B065B2-476D-486D-A16C-D854CF444003}.Ad-Hoc|Any CPU.Deploy.0 = Release|Any CPU
		{E5B065B2-476D-486D-A16C-D854CF444003}.Ad-Hoc|iPhone.ActiveCfg = Release|Any CPU
		{E5B065B2-476D-486D-A16C-D854CF444003}.Ad-Hoc|iPhone.Build.0 = Release|Any CPU
		{E5B065B2-476D-486D-A16C-D854CF444003}.Ad-Hoc|iPhone.Deploy.0 = Release|Any CPU
		{E5B065B2-476D-486D-A16C-D854CF444003}.Ad-Hoc|iPhoneSimulator.ActiveCfg = Release|Any CPU
		{E5B065B2-476D-486D-A16C-D854CF444003}.Ad-Hoc|iPhoneSimulator.Build.0 = Release|Any CPU
		{E5B065B2-476D-486D-A16C-D854CF444003}.Ad-Hoc|iPhoneSimulator.Deploy.0 = Release|Any CPU
		{E5B065B2-476D-486D-A16C-D854CF444003}.AppStore|Any CPU.ActiveCfg = Release|Any CPU
		{E5B065B2-476D-486D-A16C-D854CF444003}.AppStore|Any CPU.Build.0 = Release|Any CPU
		{E5B065B2-476D-486D-A16C-D854CF444003}.AppStore|Any CPU.Deploy.0 = Release|Any CPU
		{E5B065B2-476D-486D-A16C-D854CF444003}.AppStore|iPhone.ActiveCfg = Release|Any CPU
		{E5B065B2-476D-486D-A16C-D854CF444003}.AppStore|iPhone.Build.0 = Release|Any CPU
		{E5B065B2-476D-486D-A16C-D854CF444003}.AppStore|iPhone.Deploy.0 = Release|Any CPU
		{E5B065B2-476D-486D-A16C-D854CF444003}.AppStore|iPhoneSimulator.ActiveCfg = Release|Any CPU
		{E5B065B2-476D-486D-A16C-D854CF444003}.AppStore|iPhoneSimulator.Build.0 = Release|Any CPU
		{E5B065B2-476D-486D-A16C-D854CF444003}.AppStore|iPhoneSimulator.Deploy.0 = Release|Any CPU
		{E5B065B2-476D-486D-A16C-D854CF444003}.Debug|Any CPU.ActiveCfg = Debug|Any CPU
		{E5B065B2-476D-486D-A16C-D854CF444003}.Debug|Any CPU.Build.0 = Debug|Any CPU
		{E5B065B2-476D-486D-A16C-D854CF444003}.Debug|Any CPU.Deploy.0 = Debug|Any CPU
		{E5B065B2-476D-486D-A16C-D854CF444003}.Debug|iPhone.ActiveCfg = Debug|Any CPU
		{E5B065B2-476D-486D-A16C-D854CF444003}.Debug|iPhone.Build.0 = Debug|Any CPU
		{E5B065B2-476D-486D-A16C-D854CF444003}.Debug|iPhone.Deploy.0 = Debug|Any CPU
		{E5B065B2-476D-486D-A16C-D854CF444003}.Debug|iPhoneSimulator.ActiveCfg = Debug|Any CPU
		{E5B065B2-476D-486D-A16C-D854CF444003}.Debug|iPhoneSimulator.Build.0 = Debug|Any CPU
		{E5B065B2-476D-486D-A16C-D854CF444003}.Debug|iPhoneSimulator.Deploy.0 = Debug|Any CPU
		{E5B065B2-476D-486D-A16C-D854CF444003}.Release|Any CPU.ActiveCfg = Release|Any CPU
		{E5B065B2-476D-486D-A16C-D854CF444003}.Release|Any CPU.Build.0 = Release|Any CPU
		{E5B065B2-476D-486D-A16C-D854CF444003}.Release|Any CPU.Deploy.0 = Release|Any CPU
		{E5B065B2-476D-486D-A16C-D854CF444003}.Release|iPhone.ActiveCfg = Release|Any CPU
		{E5B065B2-476D-486D-A16C-D854CF444003}.Release|iPhone.Build.0 = Release|Any CPU
		{E5B065B2-476D-486D-A16C-D854CF444003}.Release|iPhone.Deploy.0 = Release|Any CPU
		{E5B065B2-476D-486D-A16C-D854CF444003}.Release|iPhoneSimulator.ActiveCfg = Release|Any CPU
		{E5B065B2-476D-486D-A16C-D854CF444003}.Release|iPhoneSimulator.Build.0 = Release|Any CPU
		{E5B065B2-476D-486D-A16C-D854CF444003}.Release|iPhoneSimulator.Deploy.0 = Release|Any CPU
		{FCA5726A-98B0-412C-92D7-336267E7D549}.Ad-Hoc|Any CPU.ActiveCfg = Ad-Hoc|iPhone
		{FCA5726A-98B0-412C-92D7-336267E7D549}.Ad-Hoc|Any CPU.Build.0 = Ad-Hoc|iPhone
		{FCA5726A-98B0-412C-92D7-336267E7D549}.Ad-Hoc|Any CPU.Deploy.0 = Ad-Hoc|iPhone
		{FCA5726A-98B0-412C-92D7-336267E7D549}.Ad-Hoc|iPhone.ActiveCfg = Ad-Hoc|iPhone
		{FCA5726A-98B0-412C-92D7-336267E7D549}.Ad-Hoc|iPhone.Build.0 = Ad-Hoc|iPhone
		{FCA5726A-98B0-412C-92D7-336267E7D549}.Ad-Hoc|iPhone.Deploy.0 = Ad-Hoc|iPhone
		{FCA5726A-98B0-412C-92D7-336267E7D549}.Ad-Hoc|iPhoneSimulator.ActiveCfg = Ad-Hoc|iPhoneSimulator
		{FCA5726A-98B0-412C-92D7-336267E7D549}.Ad-Hoc|iPhoneSimulator.Build.0 = Ad-Hoc|iPhoneSimulator
		{FCA5726A-98B0-412C-92D7-336267E7D549}.Ad-Hoc|iPhoneSimulator.Deploy.0 = Ad-Hoc|iPhoneSimulator
		{FCA5726A-98B0-412C-92D7-336267E7D549}.AppStore|Any CPU.ActiveCfg = AppStore|iPhone
		{FCA5726A-98B0-412C-92D7-336267E7D549}.AppStore|Any CPU.Build.0 = AppStore|iPhone
		{FCA5726A-98B0-412C-92D7-336267E7D549}.AppStore|Any CPU.Deploy.0 = AppStore|iPhone
		{FCA5726A-98B0-412C-92D7-336267E7D549}.AppStore|iPhone.ActiveCfg = AppStore|iPhone
		{FCA5726A-98B0-412C-92D7-336267E7D549}.AppStore|iPhone.Build.0 = AppStore|iPhone
		{FCA5726A-98B0-412C-92D7-336267E7D549}.AppStore|iPhone.Deploy.0 = AppStore|iPhone
		{FCA5726A-98B0-412C-92D7-336267E7D549}.AppStore|iPhoneSimulator.ActiveCfg = AppStore|iPhoneSimulator
		{FCA5726A-98B0-412C-92D7-336267E7D549}.AppStore|iPhoneSimulator.Build.0 = AppStore|iPhoneSimulator
		{FCA5726A-98B0-412C-92D7-336267E7D549}.AppStore|iPhoneSimulator.Deploy.0 = AppStore|iPhoneSimulator
		{FCA5726A-98B0-412C-92D7-336267E7D549}.Debug|Any CPU.ActiveCfg = Debug|iPhoneSimulator
		{FCA5726A-98B0-412C-92D7-336267E7D549}.Debug|Any CPU.Build.0 = Debug|iPhoneSimulator
		{FCA5726A-98B0-412C-92D7-336267E7D549}.Debug|Any CPU.Deploy.0 = Debug|iPhoneSimulator
		{FCA5726A-98B0-412C-92D7-336267E7D549}.Debug|iPhone.ActiveCfg = Debug|iPhone
		{FCA5726A-98B0-412C-92D7-336267E7D549}.Debug|iPhone.Build.0 = Debug|iPhone
		{FCA5726A-98B0-412C-92D7-336267E7D549}.Debug|iPhone.Deploy.0 = Debug|iPhone
		{FCA5726A-98B0-412C-92D7-336267E7D549}.Debug|iPhoneSimulator.ActiveCfg = Debug|iPhoneSimulator
		{FCA5726A-98B0-412C-92D7-336267E7D549}.Debug|iPhoneSimulator.Build.0 = Debug|iPhoneSimulator
		{FCA5726A-98B0-412C-92D7-336267E7D549}.Debug|iPhoneSimulator.Deploy.0 = Debug|iPhoneSimulator
		{FCA5726A-98B0-412C-92D7-336267E7D549}.Release|Any CPU.ActiveCfg = Release|iPhone
		{FCA5726A-98B0-412C-92D7-336267E7D549}.Release|Any CPU.Build.0 = Release|iPhone
		{FCA5726A-98B0-412C-92D7-336267E7D549}.Release|Any CPU.Deploy.0 = Release|iPhone
		{FCA5726A-98B0-412C-92D7-336267E7D549}.Release|iPhone.ActiveCfg = Release|iPhone
		{FCA5726A-98B0-412C-92D7-336267E7D549}.Release|iPhone.Build.0 = Release|iPhone
		{FCA5726A-98B0-412C-92D7-336267E7D549}.Release|iPhone.Deploy.0 = Release|iPhone
		{FCA5726A-98B0-412C-92D7-336267E7D549}.Release|iPhoneSimulator.ActiveCfg = Release|iPhoneSimulator
		{FCA5726A-98B0-412C-92D7-336267E7D549}.Release|iPhoneSimulator.Build.0 = Release|iPhoneSimulator
		{FCA5726A-98B0-412C-92D7-336267E7D549}.Release|iPhoneSimulator.Deploy.0 = Release|iPhoneSimulator
		{0D8E7396-6ADC-43BD-BCE1-A181F3575249}.Ad-Hoc|Any CPU.ActiveCfg = Debug|Any CPU
		{0D8E7396-6ADC-43BD-BCE1-A181F3575249}.Ad-Hoc|Any CPU.Build.0 = Debug|Any CPU
		{0D8E7396-6ADC-43BD-BCE1-A181F3575249}.Ad-Hoc|Any CPU.Deploy.0 = Debug|Any CPU
		{0D8E7396-6ADC-43BD-BCE1-A181F3575249}.Ad-Hoc|iPhone.ActiveCfg = Debug|Any CPU
		{0D8E7396-6ADC-43BD-BCE1-A181F3575249}.Ad-Hoc|iPhone.Build.0 = Debug|Any CPU
		{0D8E7396-6ADC-43BD-BCE1-A181F3575249}.Ad-Hoc|iPhone.Deploy.0 = Debug|Any CPU
		{0D8E7396-6ADC-43BD-BCE1-A181F3575249}.Ad-Hoc|iPhoneSimulator.ActiveCfg = Debug|Any CPU
		{0D8E7396-6ADC-43BD-BCE1-A181F3575249}.Ad-Hoc|iPhoneSimulator.Build.0 = Debug|Any CPU
		{0D8E7396-6ADC-43BD-BCE1-A181F3575249}.Ad-Hoc|iPhoneSimulator.Deploy.0 = Debug|Any CPU
		{0D8E7396-6ADC-43BD-BCE1-A181F3575249}.AppStore|Any CPU.ActiveCfg = Debug|Any CPU
		{0D8E7396-6ADC-43BD-BCE1-A181F3575249}.AppStore|Any CPU.Build.0 = Debug|Any CPU
		{0D8E7396-6ADC-43BD-BCE1-A181F3575249}.AppStore|Any CPU.Deploy.0 = Debug|Any CPU
		{0D8E7396-6ADC-43BD-BCE1-A181F3575249}.AppStore|iPhone.ActiveCfg = Debug|Any CPU
		{0D8E7396-6ADC-43BD-BCE1-A181F3575249}.AppStore|iPhone.Build.0 = Debug|Any CPU
		{0D8E7396-6ADC-43BD-BCE1-A181F3575249}.AppStore|iPhone.Deploy.0 = Debug|Any CPU
		{0D8E7396-6ADC-43BD-BCE1-A181F3575249}.AppStore|iPhoneSimulator.ActiveCfg = Debug|Any CPU
		{0D8E7396-6ADC-43BD-BCE1-A181F3575249}.AppStore|iPhoneSimulator.Build.0 = Debug|Any CPU
		{0D8E7396-6ADC-43BD-BCE1-A181F3575249}.AppStore|iPhoneSimulator.Deploy.0 = Debug|Any CPU
		{0D8E7396-6ADC-43BD-BCE1-A181F3575249}.Debug|Any CPU.ActiveCfg = Debug|Any CPU
		{0D8E7396-6ADC-43BD-BCE1-A181F3575249}.Debug|Any CPU.Build.0 = Debug|Any CPU
		{0D8E7396-6ADC-43BD-BCE1-A181F3575249}.Debug|Any CPU.Deploy.0 = Debug|Any CPU
		{0D8E7396-6ADC-43BD-BCE1-A181F3575249}.Debug|iPhone.ActiveCfg = Debug|Any CPU
		{0D8E7396-6ADC-43BD-BCE1-A181F3575249}.Debug|iPhone.Build.0 = Debug|Any CPU
		{0D8E7396-6ADC-43BD-BCE1-A181F3575249}.Debug|iPhone.Deploy.0 = Debug|Any CPU
		{0D8E7396-6ADC-43BD-BCE1-A181F3575249}.Debug|iPhoneSimulator.ActiveCfg = Debug|Any CPU
		{0D8E7396-6ADC-43BD-BCE1-A181F3575249}.Debug|iPhoneSimulator.Build.0 = Debug|Any CPU
		{0D8E7396-6ADC-43BD-BCE1-A181F3575249}.Debug|iPhoneSimulator.Deploy.0 = Debug|Any CPU
		{0D8E7396-6ADC-43BD-BCE1-A181F3575249}.Release|Any CPU.ActiveCfg = Release|Any CPU
		{0D8E7396-6ADC-43BD-BCE1-A181F3575249}.Release|Any CPU.Build.0 = Release|Any CPU
		{0D8E7396-6ADC-43BD-BCE1-A181F3575249}.Release|Any CPU.Deploy.0 = Release|Any CPU
		{0D8E7396-6ADC-43BD-BCE1-A181F3575249}.Release|iPhone.ActiveCfg = Release|Any CPU
		{0D8E7396-6ADC-43BD-BCE1-A181F3575249}.Release|iPhone.Build.0 = Release|Any CPU
		{0D8E7396-6ADC-43BD-BCE1-A181F3575249}.Release|iPhone.Deploy.0 = Release|Any CPU
		{0D8E7396-6ADC-43BD-BCE1-A181F3575249}.Release|iPhoneSimulator.ActiveCfg = Release|Any CPU
		{0D8E7396-6ADC-43BD-BCE1-A181F3575249}.Release|iPhoneSimulator.Build.0 = Release|Any CPU
		{0D8E7396-6ADC-43BD-BCE1-A181F3575249}.Release|iPhoneSimulator.Deploy.0 = Release|Any CPU
	EndGlobalSection
	GlobalSection(SolutionProperties) = preSolution
		HideSolutionNode = FALSE
	EndGlobalSection
	GlobalSection(ExtensibilityGlobals) = postSolution
		SolutionGuid = {839BF6E3-1AC4-4133-B2CF-0BE9C30BA16E}
	EndGlobalSection
EndGlobal
